dependencies:
  mongodown: 1.2.0
  skyring: 'link:../../packages/skyring'
lockfileVersion: 5.1
packages:
  /abstract-leveldown/2.7.2:
    dependencies:
      xtend: 4.0.2
    dev: false
    resolution:
      integrity: sha512-+OVvxH2rHVEhWLdbudP6p0+dNMXu8JA1CbhP19T8paTYAcX7oJ4OVjT+ZUVpv7mITxXHqDMej+GdqXBmXkw09w==
  /after-all/2.0.2:
    dependencies:
      once: 1.4.0
    dev: false
    resolution:
      integrity: sha1-IDACmO1glLTIXJjnyK1NymKPn3M=
  /bson/1.0.9:
    deprecated: 'Fixed a critical issue with BSON serialization documented in CVE-2019-2391, see https://bit.ly/2KcpXdo for more details'
    dev: false
    engines:
      node: '>=0.6.19'
    resolution:
      integrity: sha512-IQX9/h7WdMBIW/q/++tGd+emQr0XMdeZ6icnT/74Xk9fnabWn+gZgpE+9V+gujL3hhJOoNrnDVY7tWdzc7NUTg==
  /buffer-shims/1.0.0:
    dev: false
    resolution:
      integrity: sha1-mXjOMXOIxkmth5MCjDR37wRKi1E=
  /core-util-is/1.0.2:
    dev: false
    resolution:
      integrity: sha1-tf1UIgqivFq1eqtxQMlAdUUDwac=
  /each-series/1.0.0:
    dev: false
    resolution:
      integrity: sha1-+Ibmxm39sl7x/nNWQUbuXLR4r8s=
  /es6-promise/3.2.1:
    dev: false
    resolution:
      integrity: sha1-7FYjOGgDKQkgcXDDlEjiREndH8Q=
  /inherits/2.0.4:
    dev: false
    resolution:
      integrity: sha512-k/vGaX4/Yla3WzyMCvTQOXYeIHvqOKtnqBduzTHpzpQZzAskKMhZ2K+EnBiSM9zGSoIFeMpXKxa4dYeZIQqewQ==
  /isarray/1.0.0:
    dev: false
    resolution:
      integrity: sha1-u5NdSFgsuhaMBoNJV6VKPgcSTxE=
  /mongodb-core/2.1.20:
    dependencies:
      bson: 1.0.9
      require_optional: 1.0.1
    dev: false
    resolution:
      integrity: sha512-IN57CX5/Q1bhDq6ShAR6gIv4koFsZP7L8WOK1S0lR0pVDQaScffSMV5jxubLsmZ7J+UdqmykKw4r9hG3XQEGgQ==
  /mongodb/2.2.36:
    dependencies:
      es6-promise: 3.2.1
      mongodb-core: 2.1.20
      readable-stream: 2.2.7
    dev: false
    engines:
      node: '>=0.10.3'
    resolution:
      integrity: sha512-P2SBLQ8Z0PVx71ngoXwo12+FiSfbNfGOClAao03/bant5DgLNkOPAck5IaJcEk4gKlQhDEURzfR3xuBG1/B+IA==
  /mongodown/1.2.0:
    dependencies:
      abstract-leveldown: 2.7.2
      after-all: 2.0.2
      mongojs: 2.6.0
    dev: false
    resolution:
      integrity: sha512-T1TCs7oyLSpN1NsPu/fycoyB3Kqvi9CGXzlqOGoAfcXfkvRTlrBI58oNBiw6AxdztXegJPHqcw9GPxvxPlEp2A==
  /mongojs/2.6.0:
    dependencies:
      each-series: 1.0.0
      mongodb: 2.2.36
      once: 1.4.0
      parse-mongo-url: 1.1.1
      readable-stream: 2.3.7
      thunky: 1.1.0
      to-mongodb-core: 2.0.0
      xtend: 4.0.2
    dev: false
    resolution:
      integrity: sha512-r6tj71DjYcaRTi2jpa+CA6Iq72cTZclB2JKy+Zub+0JPTEq/l2plsAYfF2eHqSYBtZbKNcObvhGYk9E9UKZWJg==
  /once/1.4.0:
    dependencies:
      wrappy: 1.0.2
    dev: false
    resolution:
      integrity: sha1-WDsap3WWHUsROsF9nFC6753Xa9E=
  /parse-mongo-url/1.1.1:
    dev: false
    resolution:
      integrity: sha1-ZiON9fjnwMjKTNlw1KtqE3PrdbU=
  /process-nextick-args/1.0.7:
    dev: false
    resolution:
      integrity: sha1-FQ4gt1ZZCtP5EJPyWk8q2L/zC6M=
  /process-nextick-args/2.0.1:
    dev: false
    resolution:
      integrity: sha512-3ouUOpQhtgrbOa17J7+uxOTpITYWaGP7/AhoR3+A+/1e9skrzelGi/dXzEYyvbxubEF6Wn2ypscTKiKJFFn1ag==
  /readable-stream/2.2.7:
    dependencies:
      buffer-shims: 1.0.0
      core-util-is: 1.0.2
      inherits: 2.0.4
      isarray: 1.0.0
      process-nextick-args: 1.0.7
      string_decoder: 1.0.3
      util-deprecate: 1.0.2
    dev: false
    resolution:
      integrity: sha1-BwV6y+JGeyIELTb5jFrVBwVOlbE=
  /readable-stream/2.3.7:
    dependencies:
      core-util-is: 1.0.2
      inherits: 2.0.4
      isarray: 1.0.0
      process-nextick-args: 2.0.1
      safe-buffer: 5.1.2
      string_decoder: 1.1.1
      util-deprecate: 1.0.2
    dev: false
    resolution:
      integrity: sha512-Ebho8K4jIbHAxnuxi7o42OrZgF/ZTNcsZj6nRKyUmkhLFq8CHItp/fy6hQZuZmP/n3yZ9VBUbp4zz/mX8hmYPw==
  /require_optional/1.0.1:
    dependencies:
      resolve-from: 2.0.0
      semver: 5.7.1
    dev: false
    resolution:
      integrity: sha512-qhM/y57enGWHAe3v/NcwML6a3/vfESLe/sGM2dII+gEO0BpKRUkWZow/tyloNqJyN6kXSl3RyyM8Ll5D/sJP8g==
  /resolve-from/2.0.0:
    dev: false
    engines:
      node: '>=0.10.0'
    resolution:
      integrity: sha1-lICrIOlP+h2egKgEx+oUdhGWa1c=
  /safe-buffer/5.1.2:
    dev: false
    resolution:
      integrity: sha512-Gd2UZBJDkXlY7GbJxfsE8/nvKkUEU1G38c1siN6QP6a9PT9MmHB8GnpscSmMJSoF8LOIrt8ud/wPtojys4G6+g==
  /semver/5.7.1:
    dev: false
    hasBin: true
    resolution:
      integrity: sha512-sauaDf/PZdVgrLTNYHRtpXa1iRiKcaebiKQ1BJdpQlWH2lCvexQdX55snPFyK7QzpudqbCI0qXFfOasHdyNDGQ==
  /string_decoder/1.0.3:
    dependencies:
      safe-buffer: 5.1.2
    dev: false
    resolution:
      integrity: sha512-4AH6Z5fzNNBcH+6XDMfA/BTt87skxqJlO0lAh3Dker5zThcAxG6mKz+iGu308UKoPPQ8Dcqx/4JhujzltRa+hQ==
  /string_decoder/1.1.1:
    dependencies:
      safe-buffer: 5.1.2
    dev: false
    resolution:
      integrity: sha512-n/ShnvDi6FHbbVfviro+WojiFzv+s8MPMHBczVePfUpDJLwoLT0ht1l4YwBCbi8pJAveEEdnkHyPyTP/mzRfwg==
  /thunky/1.1.0:
    dev: false
    resolution:
      integrity: sha512-eHY7nBftgThBqOyHGVN+l8gF0BucP09fMo0oO/Lb0w1OF80dJv+lDVpXG60WMQvkcxAkNybKsrEIE3ZtKGmPrA==
  /to-mongodb-core/2.0.0:
    dev: false
    resolution:
      integrity: sha1-NZbsdhOsmtO5ioncua77pWnNJ+s=
  /util-deprecate/1.0.2:
    dev: false
    resolution:
      integrity: sha1-RQ1Nyfpw3nMnYvvS1KKJgUGaDM8=
  /wrappy/1.0.2:
    dev: false
    resolution:
      integrity: sha1-tSQ9jz7BqjXxNkYFvA0QNuMKtp8=
  /xtend/4.0.2:
    dev: false
    engines:
      node: '>=0.4'
    resolution:
      integrity: sha512-LKYU1iAXJXUgAXn9URjiu+MWhyUXHsvfp7mcuYm9dSUKK0/CjtrUwFAxD82/mCWbtLsGjFIad0wIsod4zrTAEQ==
specifiers:
  mongodown: ^1.2.0
  skyring: ^10.2.0
